schema: '2.0'
stages:
  load_data:
    cmd: python3 src/load_data.py  --config=params.yaml
    deps:
    - path: data_source/WineQT.csv
      md5: b03c22cbdd89823c0ec32044c4826343
      size: 78057
    - path: src/get_data.py
      md5: 19ccaf81088983882f12a45bb7962826
      size: 608
    - path: src/load_data.py
      md5: c954117313ca40d0d83dc8826398db4a
      size: 619
    outs:
    - path: data/raw/WineQT.csv
      md5: 928a3899cf30e454051988a983c38c6e
      size: 71826
  split_data:
    cmd: python3 src/split_data.py --config=params.yaml
    deps:
    - path: data/raw/WineQT.csv
      md5: 928a3899cf30e454051988a983c38c6e
      size: 71826
    - path: src/split_data.py
      md5: ae338192aa7438a9f0193d290e322c0f
      size: 1053
    outs:
    - path: data/processed/test_WineQT.csv
      md5: eb33ddd4ecea93f500c279c59d35c3d1
      size: 14454
    - path: data/processed/train_WineQT.csv
      md5: 0a6386d00a0ffdd2f7983b1027174463
      size: 57521
